// !$*UTF8*$!
{
	archiveVersion = 1;
	classes = {
	};
	objectVersion = 48;
	objects = {

/* Begin PBXBuildFile section */
		D622B9CD2029DCC900C306CF /* AppDelegate.swift in Sources */ = {isa = PBXBuildFile; fileRef = D622B9CC2029DCC900C306CF /* AppDelegate.swift */; };
		D622B9CF2029DCC900C306CF /* ViewController.swift in Sources */ = {isa = PBXBuildFile; fileRef = D622B9CE2029DCC900C306CF /* ViewController.swift */; };
		D622B9D22029DCC900C306CF /* Main.storyboard in Resources */ = {isa = PBXBuildFile; fileRef = D622B9D02029DCC900C306CF /* Main.storyboard */; };
		D622B9D42029DCC900C306CF /* Assets.xcassets in Resources */ = {isa = PBXBuildFile; fileRef = D622B9D32029DCC900C306CF /* Assets.xcassets */; };
		D622B9D72029DCC900C306CF /* LaunchScreen.storyboard in Resources */ = {isa = PBXBuildFile; fileRef = D622B9D52029DCC900C306CF /* LaunchScreen.storyboard */; };
		D622B9E22029DCC900C306CF /* Great_swiftTests.swift in Sources */ = {isa = PBXBuildFile; fileRef = D622B9E12029DCC900C306CF /* Great_swiftTests.swift */; };
		D622B9ED2029DCC900C306CF /* Great_swiftUITests.swift in Sources */ = {isa = PBXBuildFile; fileRef = D622B9EC2029DCC900C306CF /* Great_swiftUITests.swift */; };
/* End PBXBuildFile section */

/* Begin PBXContainerItemProxy section */
		D622B9DE2029DCC900C306CF /* PBXContainerItemProxy */ = {
			isa = PBXContainerItemProxy;
			containerPortal = D622B9C12029DCC900C306CF /* Project object */;
			proxyType = 1;
			remoteGlobalIDString = D622B9C82029DCC900C306CF;
			remoteInfo = "Great-swift";
		};
		D622B9E92029DCC900C306CF /* PBXContainerItemProxy */ = {
			isa = PBXContainerItemProxy;
			containerPortal = D622B9C12029DCC900C306CF /* Project object */;
			proxyType = 1;
			remoteGlobalIDString = D622B9C82029DCC900C306CF;
			remoteInfo = "Great-swift";
		};
/* End PBXContainerItemProxy section */

/* Begin PBXFileReference section */
		D622B9C92029DCC900C306CF /* Great-swift.app */ = {isa = PBXFileReference; explicitFileType = wrapper.application; includeInIndex = 0; path = "Great-swift.app"; sourceTree = BUILT_PRODUCTS_DIR; };
		D622B9CC2029DCC900C306CF /* AppDelegate.swift */ = {isa = PBXFileReference; lastKnownFileType = sourcecode.swift; path = AppDelegate.swift; sourceTree = "<group>"; };
		D622B9CE2029DCC900C306CF /* ViewController.swift */ = {isa = PBXFileReference; lastKnownFileType = sourcecode.swift; path = ViewController.swift; sourceTree = "<group>"; };
		D622B9D12029DCC900C306CF /* Base */ = {isa = PBXFileReference; lastKnownFileType = file.storyboard; name = Base; path = Base.lproj/Main.storyboard; sourceTree = "<group>"; };
		D622B9D32029DCC900C306CF /* Assets.xcassets */ = {isa = PBXFileReference; lastKnownFileType = folder.assetcatalog; path = Assets.xcassets; sourceTree = "<group>"; };
		D622B9D62029DCC900C306CF /* Base */ = {isa = PBXFileReference; lastKnownFileType = file.storyboard; name = Base; path = Base.lproj/LaunchScreen.storyboard; sourceTree = "<group>"; };
		D622B9D82029DCC900C306CF /* Info.plist */ = {isa = PBXFileReference; lastKnownFileType = text.plist.xml; path = Info.plist; sourceTree = "<group>"; };
		D622B9DD2029DCC900C306CF /* Great-swiftTests.xctest */ = {isa = PBXFileReference; explicitFileType = wrapper.cfbundle; includeInIndex = 0; path = "Great-swiftTests.xctest"; sourceTree = BUILT_PRODUCTS_DIR; };
		D622B9E12029DCC900C306CF /* Great_swiftTests.swift */ = {isa = PBXFileReference; lastKnownFileType = sourcecode.swift; path = Great_swiftTests.swift; sourceTree = "<group>"; };
		D622B9E32029DCC900C306CF /* Info.plist */ = {isa = PBXFileReference; lastKnownFileType = text.plist.xml; path = Info.plist; sourceTree = "<group>"; };
		D622B9E82029DCC900C306CF /* Great-swiftUITests.xctest */ = {isa = PBXFileReference; explicitFileType = wrapper.cfbundle; includeInIndex = 0; path = "Great-swiftUITests.xctest"; sourceTree = BUILT_PRODUCTS_DIR; };
		D622B9EC2029DCC900C306CF /* Great_swiftUITests.swift */ = {isa = PBXFileReference; lastKnownFileType = sourcecode.swift; path = Great_swiftUITests.swift; sourceTree = "<group>"; };
		D622B9EE2029DCC900C306CF /* Info.plist */ = {isa = PBXFileReference; lastKnownFileType = text.plist.xml; path = Info.plist; sourceTree = "<group>"; };
/* End PBXFileReference section */

/* Begin PBXFrameworksBuildPhase section */
		D622B9C62029DCC900C306CF /* Frameworks */ = {
			isa = PBXFrameworksBuildPhase;
			buildActionMask = 2147483647;
			files = (
			);
			runOnlyForDeploymentPostprocessing = 0;
		};
		D622B9DA2029DCC900C306CF /* Frameworks */ = {
			isa = PBXFrameworksBuildPhase;
			buildActionMask = 2147483647;
			files = (
			);
			runOnlyForDeploymentPostprocessing = 0;
		};
		D622B9E52029DCC900C306CF /* Frameworks */ = {
			isa = PBXFrameworksBuildPhase;
			buildActionMask = 2147483647;
			files = (
			);
			runOnlyForDeploymentPostprocessing = 0;
		};
/* End PBXFrameworksBuildPhase section */

/* Begin PBXGroup section */
		D622B9C02029DCC900C306CF = {
			isa = PBXGroup;
			children = (
				D622B9CB2029DCC900C306CF /* Great-swift */,
				D622B9E02029DCC900C306CF /* Great-swiftTests */,
				D622B9EB2029DCC900C306CF /* Great-swiftUITests */,
				D622B9CA2029DCC900C306CF /* Products */,
			);
			sourceTree = "<group>";
		};
		D622B9CA2029DCC900C306CF /* Products */ = {
			isa = PBXGroup;
			children = (
				D622B9C92029DCC900C306CF /* Great-swift.app */,
				D622B9DD2029DCC900C306CF /* Great-swiftTests.xctest */,
				D622B9E82029DCC900C306CF /* Great-swiftUITests.xctest */,
			);
			name = Products;
			sourceTree = "<group>";
		};
		D622B9CB2029DCC900C306CF /* Great-swift */ = {
			isa = PBXGroup;
			children = (
				D622B9CC2029DCC900C306CF /* AppDelegate.swift */,
				D622B9CE2029DCC900C306CF /* ViewController.swift */,
				D622B9D02029DCC900C306CF /* Main.storyboard */,
				D622B9D32029DCC900C306CF /* Assets.xcassets */,
				D622B9D52029DCC900C306CF /* LaunchScreen.storyboard */,
				D622B9D82029DCC900C306CF /* Info.plist */,
			);
			path = "Great-swift";
			sourceTree = "<group>";
		};
		D622B9E02029DCC900C306CF /* Great-swiftTests */ = {
			isa = PBXGroup;
			children = (
				D622B9E12029DCC900C306CF /* Great_swiftTests.swift */,
				D622B9E32029DCC900C306CF /* Info.plist */,
			);
			path = "Great-swiftTests";
			sourceTree = "<group>";
		};
		D622B9EB2029DCC900C306CF /* Great-swiftUITests */ = {
			isa = PBXGroup;
			children = (
				D622B9EC2029DCC900C306CF /* Great_swiftUITests.swift */,
				D622B9EE2029DCC900C306CF /* Info.plist */,
			);
			path = "Great-swiftUITests";
			sourceTree = "<group>";
		};
/* End PBXGroup section */

/* Begin PBXNativeTarget section */
		D622B9C82029DCC900C306CF /* Great-swift */ = {
			isa = PBXNativeTarget;
			buildConfigurationList = D622B9F12029DCC900C306CF /* Build configuration list for PBXNativeTarget "Great-swift" */;
			buildPhases = (
				D622B9C52029DCC900C306CF /* Sources */,
				D622B9C62029DCC900C306CF /* Frameworks */,
				D622B9C72029DCC900C306CF /* Resources */,
			);
			buildRules = (
			);
			dependencies = (
			);
			name = "Great-swift";
			productName = "Great-swift";
			productReference = D622B9C92029DCC900C306CF /* Great-swift.app */;
			productType = "com.apple.product-type.application";
		};
		D622B9DC2029DCC900C306CF /* Great-swiftTests */ = {
			isa = PBXNativeTarget;
			buildConfigurationList = D622B9F42029DCC900C306CF /* Build configuration list for PBXNativeTarget "Great-swiftTests" */;
			buildPhases = (
				D622B9D92029DCC900C306CF /* Sources */,
				D622B9DA2029DCC900C306CF /* Frameworks */,
				D622B9DB2029DCC900C306CF /* Resources */,
			);
			buildRules = (
			);
			dependencies = (
				D622B9DF2029DCC900C306CF /* PBXTargetDependency */,
			);
			name = "Great-swiftTests";
			productName = "Great-swiftTests";
			productReference = D622B9DD2029DCC900C306CF /* Great-swiftTests.xctest */;
			productType = "com.apple.product-type.bundle.unit-test";
		};
		D622B9E72029DCC900C306CF /* Great-swiftUITests */ = {
			isa = PBXNativeTarget;
			buildConfigurationList = D622B9F72029DCC900C306CF /* Build configuration list for PBXNativeTarget "Great-swiftUITests" */;
			buildPhases = (
				D622B9E42029DCC900C306CF /* Sources */,
				D622B9E52029DCC900C306CF /* Frameworks */,
				D622B9E62029DCC900C306CF /* Resources */,
			);
			buildRules = (
			);
			dependencies = (
				D622B9EA2029DCC900C306CF /* PBXTargetDependency */,
			);
			name = "Great-swiftUITests";
			productName = "Great-swiftUITests";
			productReference = D622B9E82029DCC900C306CF /* Great-swiftUITests.xctest */;
			productType = "com.apple.product-type.bundle.ui-testing";
		};
/* End PBXNativeTarget section */

/* Begin PBXProject section */
		D622B9C12029DCC900C306CF /* Project object */ = {
			isa = PBXProject;
			attributes = {
				LastSwiftUpdateCheck = 0920;
				LastUpgradeCheck = 0920;
				ORGANIZATIONNAME = snocc.zhao;
				TargetAttributes = {
					D622B9C82029DCC900C306CF = {
						CreatedOnToolsVersion = 9.2;
						ProvisioningStyle = Automatic;
					};
					D622B9DC2029DCC900C306CF = {
						CreatedOnToolsVersion = 9.2;
						ProvisioningStyle = Automatic;
						TestTargetID = D622B9C82029DCC900C306CF;
					};
					D622B9E72029DCC900C306CF = {
						CreatedOnToolsVersion = 9.2;
						ProvisioningStyle = Automatic;
						TestTargetID = D622B9C82029DCC900C306CF;
					};
				};
			};
			buildConfigurationList = D622B9C42029DCC900C306CF /* Build configuration list for PBXProject "Great-swift" */;
			compatibilityVersion = "Xcode 8.0";
			developmentRegion = en;
			hasScannedForEncodings = 0;
			knownRegions = (
				en,
				Base,
			);
			mainGroup = D622B9C02029DCC900C306CF;
			productRefGroup = D622B9CA2029DCC900C306CF /* Products */;
			projectDirPath = "";
			projectRoot = "";
			targets = (
				D622B9C82029DCC900C306CF /* Great-swift */,
				D622B9DC2029DCC900C306CF /* Great-swiftTests */,
				D622B9E72029DCC900C306CF /* Great-swiftUITests */,
			);
		};
/* End PBXProject section */

/* Begin PBXResourcesBuildPhase section */
		D622B9C72029DCC900C306CF /* Resources */ = {
			isa = PBXResourcesBuildPhase;
			buildActionMask = 2147483647;
			files = (
				D622B9D72029DCC900C306CF /* LaunchScreen.storyboard in Resources */,
				D622B9D42029DCC900C306CF /* Assets.xcassets in Resources */,
				D622B9D22029DCC900C306CF /* Main.storyboard in Resources */,
			);
			runOnlyForDeploymentPostprocessing = 0;
		};
		D622B9DB2029DCC900C306CF /* Resources */ = {
			isa = PBXResourcesBuildPhase;
			buildActionMask = 2147483647;
			files = (
			);
			runOnlyForDeploymentPostprocessing = 0;
		};
		D622B9E62029DCC900C306CF /* Resources */ = {
			isa = PBXResourcesBuildPhase;
			buildActionMask = 2147483647;
			files = (
			);
			runOnlyForDeploymentPostprocessing = 0;
		};
/* End PBXResourcesBuildPhase section */

/* Begin PBXSourcesBuildPhase section */
		D622B9C52029DCC900C306CF /* Sources */ = {
			isa = PBXSourcesBuildPhase;
			buildActionMask = 2147483647;
			files = (
				D622B9CF2029DCC900C306CF /* ViewController.swift in Sources */,
				D622B9CD2029DCC900C306CF /* AppDelegate.swift in Sources */,
			);
			runOnlyForDeploymentPostprocessing = 0;
		};
		D622B9D92029DCC900C306CF /* Sources */ = {
			isa = PBXSourcesBuildPhase;
			buildActionMask = 2147483647;
			files = (
				D622B9E22029DCC900C306CF /* Great_swiftTests.swift in Sources */,
			);
			runOnlyForDeploymentPostprocessing = 0;
		};
		D622B9E42029DCC900C306CF /* Sources */ = {
			isa = PBXSourcesBuildPhase;
			buildActionMask = 2147483647;
			files = (
				D622B9ED2029DCC900C306CF /* Great_swiftUITests.swift in Sources */,
			);
			runOnlyForDeploymentPostprocessing = 0;
		};
/* End PBXSourcesBuildPhase section */

/* Begin PBXTargetDependency section */
		D622B9DF2029DCC900C306CF /* PBXTargetDependency */ = {
			isa = PBXTargetDependency;
			target = D622B9C82029DCC900C306CF /* Great-swift */;
			targetProxy = D622B9DE2029DCC900C306CF /* PBXContainerItemProxy */;
		};
		D622B9EA2029DCC900C306CF /* PBXTargetDependency */ = {
			isa = PBXTargetDependency;
			target = D622B9C82029DCC900C306CF /* Great-swift */;
			targetProxy = D622B9E92029DCC900C306CF /* PBXContainerItemProxy */;
		};
/* End PBXTargetDependency section */

/* Begin PBXVariantGroup section */
		D622B9D02029DCC900C306CF /* Main.storyboard */ = {
			isa = PBXVariantGroup;
			children = (
				D622B9D12029DCC900C306CF /* Base */,
			);
			name = Main.storyboard;
			sourceTree = "<group>";
		};
		D622B9D52029DCC900C306CF /* LaunchScreen.storyboard */ = {
			isa = PBXVariantGroup;
			children = (
				D622B9D62029DCC900C306CF /* Base */,
			);
			name = LaunchScreen.storyboard;
			sourceTree = "<group>";
		};
/* End PBXVariantGroup section */

/* Begin XCBuildConfiguration section */
		D622B9EF2029DCC900C306CF /* Debug */ = {
			isa = XCBuildConfiguration;
			buildSettings = {
				ALWAYS_SEARCH_USER_PATHS = NO;
				CLANG_ANALYZER_NONNULL = YES;
				CLANG_ANALYZER_NUMBER_OBJECT_CONVERSION = YES_AGGRESSIVE;
				CLANG_CXX_LANGUAGE_STANDARD = "gnu++14";
				CLANG_CXX_LIBRARY = "libc++";
				CLANG_ENABLE_MODULES = YES;
				CLANG_ENABLE_OBJC_ARC = YES;
				CLANG_WARN_BLOCK_CAPTURE_AUTORELEASING = YES;
				CLANG_WARN_BOOL_CONVERSION = YES;
				CLANG_WARN_COMMA = YES;
				CLANG_WARN_CONSTANT_CONVERSION = YES;
				CLANG_WARN_DIRECT_OBJC_ISA_USAGE = YES_ERROR;
				CLANG_WARN_DOCUMENTATION_COMMENTS = YES;
				CLANG_WARN_EMPTY_BODY = YES;
				CLANG_WARN_ENUM_CONVERSION = YES;
				CLANG_WARN_INFINITE_RECURSION = YES;
				CLANG_WARN_INT_CONVERSION = YES;
				CLANG_WARN_NON_LITERAL_NULL_CONVERSION = YES;
				CLANG_WARN_OBJC_LITERAL_CONVERSION = YES;
				CLANG_WARN_OBJC_ROOT_CLASS = YES_ERROR;
				CLANG_WARN_RANGE_LOOP_ANALYSIS = YES;
				CLANG_WARN_STRICT_PROTOTYPES = YES;
				CLANG_WARN_SUSPICIOUS_MOVE = YES;
				CLANG_WARN_UNGUARDED_AVAILABILITY = YES_AGGRESSIVE;
				CLANG_WARN_UNREACHABLE_CODE = YES;
				CLANG_WARN__DUPLICATE_METHOD_MATCH = YES;
				CODE_SIGN_IDENTITY = "iPhone Developer";
				COPY_PHASE_STRIP = NO;
				DEBUG_INFORMATION_FORMAT = dwarf;
				ENABLE_STRICT_OBJC_MSGSEND = YES;
				ENABLE_TESTABILITY = YES;
				GCC_C_LANGUAGE_STANDARD = gnu11;
				GCC_DYNAMIC_NO_PIC = NO;
				GCC_NO_COMMON_BLOCKS = YES;
				GCC_OPTIMIZATION_LEVEL = 0;
				GCC_PREPROCESSOR_DEFINITIONS = (
					"DEBUG=1",
					"$(inherited)",
				);
				GCC_WARN_64_TO_32_BIT_CONVERSION = YES;
				GCC_WARN_ABOUT_RETURN_TYPE = YES_ERROR;
				GCC_WARN_UNDECLARED_SELECTOR = YES;
				GCC_WARN_UNINITIALIZED_AUTOS = YES_AGGRESSIVE;
				GCC_WARN_UNUSED_FUNCTION = YES;
				GCC_WARN_UNUSED_VARIABLE = YES;
				IPHONEOS_DEPLOYMENT_TARGET = 11.2;
				MTL_ENABLE_DEBUG_INFO = YES;
				ONLY_ACTIVE_ARCH = YES;
				SDKROOT = iphoneos;
				SWIFT_ACTIVE_COMPILATION_CONDITIONS = DEBUG;
				SWIFT_OPTIMIZATION_LEVEL = "-Onone";
			};
			name = Debug;
		};
		D622B9F02029DCC900C306CF /* Release */ = {
			isa = XCBuildConfiguration;
			buildSettings = {
				ALWAYS_SEARCH_USER_PATHS = NO;
				CLANG_ANALYZER_NONNULL = YES;
				CLANG_ANALYZER_NUMBER_OBJECT_CONVERSION = YES_AGGRESSIVE;
				CLANG_CXX_LANGUAGE_STANDARD = "gnu++14";
				CLANG_CXX_LIBRARY = "libc++";
				CLANG_ENABLE_MODULES = YES;
				CLANG_ENABLE_OBJC_ARC = YES;
				CLANG_WARN_BLOCK_CAPTURE_AUTORELEASING = YES;
				CLANG_WARN_BOOL_CONVERSION = YES;
				CLANG_WARN_COMMA = YES;
				CLANG_WARN_CONSTANT_CONVERSION = YES;
				CLANG_WARN_DIRECT_OBJC_ISA_USAGE = YES_ERROR;
				CLANG_WARN_DOCUMENTATION_COMMENTS = YES;
				CLANG_WARN_EMPTY_BODY = YES;
				CLANG_WARN_ENUM_CONVERSION = YES;
				CLANG_WARN_INFINITE_RECURSION = YES;
				CLANG_WARN_INT_CONVERSION = YES;
				CLANG_WARN_NON_LITERAL_NULL_CONVERSION = YES;
				CLANG_WARN_OBJC_LITERAL_CONVERSION = YES;
				CLANG_WARN_OBJC_ROOT_CLASS = YES_ERROR;
				CLANG_WARN_RANGE_LOOP_ANALYSIS = YES;
				CLANG_WARN_STRICT_PROTOTYPES = YES;
				CLANG_WARN_SUSPICIOUS_MOVE = YES;
				CLANG_WARN_UNGUARDED_AVAILABILITY = YES_AGGRESSIVE;
				CLANG_WARN_UNREACHABLE_CODE = YES;
				CLANG_WARN__DUPLICATE_METHOD_MATCH = YES;
				CODE_SIGN_IDENTITY = "iPhone Developer";
				COPY_PHASE_STRIP = NO;
				DEBUG_INFORMATION_FORMAT = "dwarf-with-dsym";
				ENABLE_NS_ASSERTIONS = NO;
				ENABLE_STRICT_OBJC_MSGSEND = YES;
				GCC_C_LANGUAGE_STANDARD = gnu11;
				GCC_NO_COMMON_BLOCKS = YES;
				GCC_WARN_64_TO_32_BIT_CONVERSION = YES;
				GCC_WARN_ABOUT_RETURN_TYPE = YES_ERROR;
				GCC_WARN_UNDECLARED_SELECTOR = YES;
				GCC_WARN_UNINITIALIZED_AUTOS = YES_AGGRESSIVE;
				GCC_WARN_UNUSED_FUNCTION = YES;
				GCC_WARN_UNUSED_VARIABLE = YES;
				IPHONEOS_DEPLOYMENT_TARGET = 11.2;
				MTL_ENABLE_DEBUG_INFO = NO;
				SDKROOT = iphoneos;
				SWIFT_OPTIMIZATION_LEVEL = "-Owholemodule";
				VALIDATE_PRODUCT = YES;
			};
			name = Release;
		};
		D622B9F22029DCC900C306CF /* Debug */ = {
			isa = XCBuildConfiguration;
			buildSettings = {
				ASSETCATALOG_COMPILER_APPICON_NAME = AppIcon;
				CODE_SIGN_STYLE = Automatic;
				DEVELOPMENT_TEAM = 977UQWYN6X;
				INFOPLIST_FILE = "Great-swift/Info.plist";
				LD_RUNPATH_SEARCH_PATHS = "$(inherited) @executable_path/Frameworks";
				PRODUCT_BUNDLE_IDENTIFIER = "com.snocc.Great-swift";
				PRODUCT_NAME = "$(TARGET_NAME)";
				SWIFT_VERSION = 4.0;
				TARGETED_DEVICE_FAMILY = "1,2";
			};
			name = Debug;
		};
		D622B9F32029DCC900C306CF /* Release */ = {
			isa = XCBuildConfiguration;
			buildSettings = {
				ASSETCATALOG_COMPILER_APPICON_NAME = AppIcon;
				CODE_SIGN_STYLE = Automatic;
				DEVELOPMENT_TEAM = 977UQWYN6X;
				INFOPLIST_FILE = "Great-swift/Info.plist";
				LD_RUNPATH_SEARCH_PATHS = "$(inherited) @executable_path/Frameworks";
				PRODUCT_BUNDLE_IDENTIFIER = "com.snocc.Great-swift";
				PRODUCT_NAME = "$(TARGET_NAME)";
				SWIFT_VERSION = 4.0;
				TARGETED_DEVICE_FAMILY = "1,2";
			};
			name = Release;
		};
		D622B9F52029DCC900C306CF /* Debug */ = {
			isa = XCBuildConfiguration;
			buildSettings = {
				ALWAYS_EMBED_SWIFT_STANDARD_LIBRARIES = YES;
				BUNDLE_LOADER = "$(TEST_HOST)";
				CODE_SIGN_STYLE = Automatic;
				DEVELOPMENT_TEAM = 977UQWYN6X;
				INFOPLIST_FILE = "Great-swiftTests/Info.plist";
				LD_RUNPATH_SEARCH_PATHS = "$(inherited) @executable_path/Frameworks @loader_path/Frameworks";
				PRODUCT_BUNDLE_IDENTIFIER = "com.snocc.Great-swiftTests";
				PRODUCT_NAME = "$(TARGET_NAME)";
				SWIFT_VERSION = 4.0;
				TARGETED_DEVICE_FAMILY = "1,2";
				TEST_HOST = "$(BUILT_PRODUCTS_DIR)/Great-swift.app/Great-swift";
			};
			name = Debug;
		};
		D622B9F62029DCC900C306CF /* Release */ = {
			isa = XCBuildConfiguration;
			buildSettings = {
				ALWAYS_EMBED_SWIFT_STANDARD_LIBRARIES = YES;
				BUNDLE_LOADER = "$(TEST_HOST)";
				CODE_SIGN_STYLE = Automatic;
				DEVELOPMENT_TEAM = 977UQWYN6X;
				INFOPLIST_FILE = "Great-swiftTests/Info.plist";
				LD_RUNPATH_SEARCH_PATHS = "$(inherited) @executable_path/Frameworks @loader_path/Frameworks";
				PRODUCT_BUNDLE_IDENTIFIER = "com.snocc.Great-swiftTests";
				PRODUCT_NAME = "$(TARGET_NAME)";
				SWIFT_VERSION = 4.0;
				TARGETED_DEVICE_FAMILY = "1,2";
				TEST_HOST = "$(BUILT_PRODUCTS_DIR)/Great-swift.app/Great-swift";
			};
			name = Release;
		};
		D622B9F82029DCC900C306CF /* Debug */ = {
			isa = XCBuildConfiguration;
			buildSettings = {
				ALWAYS_EMBED_SWIFT_STANDARD_LIBRARIES = YES;
				CODE_SIGN_STYLE = Automatic;
				DEVELOPMENT_TEAM = 977UQWYN6X;
				INFOPLIST_FILE = "Great-swiftUITests/Info.plist";
				LD_RUNPATH_SEARCH_PATHS = "$(inherited) @executable_path/Frameworks @loader_path/Frameworks";
				PRODUCT_BUNDLE_IDENTIFIER = "com.snocc.Great-swiftUITests";
				PRODUCT_NAME = "$(TARGET_NAME)";
				SWIFT_VERSION = 4.0;
				TARGETED_DEVICE_FAMILY = "1,2";
				TEST_TARGET_NAME = "Great-swift";
			};
			name = Debug;
		};
		D622B9F92029DCC900C306CF /* Release */ = {
			isa = XCBuildConfiguration;
			buildSettings = {
				ALWAYS_EMBED_SWIFT_STANDARD_LIBRARIES = YES;
				CODE_SIGN_STYLE = Automatic;
				DEVELOPMENT_TEAM = 977UQWYN6X;
				INFOPLIST_FILE = "Great-swiftUITests/Info.plist";
				LD_RUNPATH_SEARCH_PATHS = "$(inherited) @executable_path/Frameworks @loader_path/Frameworks";
				PRODUCT_BUNDLE_IDENTIFIER = "com.snocc.Great-swiftUITests";
				PRODUCT_NAME = "$(TARGET_NAME)";
				SWIFT_VERSION = 4.0;
				TARGETED_DEVICE_FAMILY = "1,2";
				TEST_TARGET_NAME = "Great-swift";
			};
			name = Release;
		};
/* End XCBuildConfiguration section */

/* Begin XCConfigurationList section */
		D622B9C42029DCC900C306CF /* Build configuration list for PBXProject "Great-swift" */ = {
			isa = XCConfigurationList;
			buildConfigurations = (
				D622B9EF2029DCC900C306CF /* Debug */,
				D622B9F02029DCC900C306CF /* Release */,
			);
			defaultConfigurationIsVisible = 0;
			defaultConfigurationName = Release;
		};
		D622B9F12029DCC900C306CF /* Build configuration list for PBXNativeTarget "Great-swift" */ = {
			isa = XCConfigurationList;
			buildConfigurations = (
				D622B9F22029DCC900C306CF /* Debug */,
				D622B9F32029DCC900C306CF /* Release */,
			);
			defaultConfigurationIsVisible = 0;
			defaultConfigurationName = Release;
		};
		D622B9F42029DCC900C306CF /* Build configuration list for PBXNativeTarget "Great-swiftTests" */ = {
			isa = XCConfigurationList;
			buildConfigurations = (
				D622B9F52029DCC900C306CF /* Debug */,
				D622B9F62029DCC900C306CF /* Release */,
			);
			defaultConfigurationIsVisible = 0;
			defaultConfigurationName = Release;
		};
		D622B9F72029DCC900C306CF /* Build configuration list for PBXNativeTarget "Great-swiftUITests" */ = {
			isa = XCConfigurationList;
			buildConfigurations = (
				D622B9F82029DCC900C306CF /* Debug */,
				D622B9F92029DCC900C306CF /* Release */,
			);
			defaultConfigurationIsVisible = 0;
			defaultConfigurationName = Release;
		};
/* End XCConfigurationList section */
	};
	rootObject = D622B9C12029DCC900C306CF /* Project object */;
}
